// !$*UTF8*$!
{
	archiveVersion = 1;
	classes = {
	};
	objectVersion = 52;
	objects = {

/* Begin PBXBuildFile section */
		370AE5FA24F96988000B3683 /* UIView+Extension.swift in Sources */ = {isa = PBXBuildFile; fileRef = 370AE5F924F96988000B3683 /* UIView+Extension.swift */; };
		370B79BD268291A50088242D /* Products.json in Resources */ = {isa = PBXBuildFile; fileRef = 370B79BC268291A50088242D /* Products.json */; };
		37125D742489A20B00E716CA /* WebKit.framework in Frameworks */ = {isa = PBXBuildFile; fileRef = 37125D732489A20A00E716CA /* WebKit.framework */; };
		37204A3C268A9A8E001B34F6 /* TextFieldView.xib in Resources */ = {isa = PBXBuildFile; fileRef = 37204A3B268A9A8E001B34F6 /* TextFieldView.xib */; };
		37204A40268A9AAA001B34F6 /* DateView.xib in Resources */ = {isa = PBXBuildFile; fileRef = 37204A3F268A9AAA001B34F6 /* DateView.xib */; };
		37204A42268A9AB5001B34F6 /* StateView.xib in Resources */ = {isa = PBXBuildFile; fileRef = 37204A41268A9AB5001B34F6 /* StateView.xib */; };
		37204A48268A9B30001B34F6 /* TextFieldView.swift in Sources */ = {isa = PBXBuildFile; fileRef = 37204A47268A9B30001B34F6 /* TextFieldView.swift */; };
		37204A4C268A9B50001B34F6 /* DateView.swift in Sources */ = {isa = PBXBuildFile; fileRef = 37204A4B268A9B50001B34F6 /* DateView.swift */; };
		37204A4E268A9B58001B34F6 /* StateView.swift in Sources */ = {isa = PBXBuildFile; fileRef = 37204A4D268A9B58001B34F6 /* StateView.swift */; };
		37204A51268ACEEA001B34F6 /* States.json in Resources */ = {isa = PBXBuildFile; fileRef = 37204A50268ACEEA001B34F6 /* States.json */; };
		374E50A525E48D37004320B5 /* GoogleService-Info.plist in Resources */ = {isa = PBXBuildFile; fileRef = 374E50A425E48D37004320B5 /* GoogleService-Info.plist */; };
		374E50B725E48F1B004320B5 /* PurchaseController.swift in Sources */ = {isa = PBXBuildFile; fileRef = 374E50B625E48F1B004320B5 /* PurchaseController.swift */; };
		375390CC266DD8BE0016791C /* Needs.json in Resources */ = {isa = PBXBuildFile; fileRef = 375390CB266DD8BE0016791C /* Needs.json */; };
		375390CF266DD9150016791C /* Reviews.json in Resources */ = {isa = PBXBuildFile; fileRef = 375390CE266DD8C50016791C /* Reviews.json */; };
		3755178F24F9B8AE002643F7 /* ProductDetailViewController.swift in Sources */ = {isa = PBXBuildFile; fileRef = 3755178E24F9B8AE002643F7 /* ProductDetailViewController.swift */; };
		375B611A2669ADF4008F6639 /* CartViewController.swift in Sources */ = {isa = PBXBuildFile; fileRef = 375B61192669ADF4008F6639 /* CartViewController.swift */; };
		376412EE2519588800730747 /* BebasNeue-Regular.ttf in Resources */ = {isa = PBXBuildFile; fileRef = 376412EC2519588800730747 /* BebasNeue-Regular.ttf */; };
		376B9A2E25BF40FC003E1EFC /* UIButton+Extension.swift in Sources */ = {isa = PBXBuildFile; fileRef = 376B9A2D25BF40FC003E1EFC /* UIButton+Extension.swift */; };
		376B9A3125C09965003E1EFC /* MembershipViewController.swift in Sources */ = {isa = PBXBuildFile; fileRef = 376B9A3025C09965003E1EFC /* MembershipViewController.swift */; };
		377D772D25D6FB09008D0059 /* ProductDetailCollectionViewCell.swift in Sources */ = {isa = PBXBuildFile; fileRef = 377D772C25D6FB09008D0059 /* ProductDetailCollectionViewCell.swift */; };
		377D779825DB26E7008D0059 /* PurchaseTableViewCell.swift in Sources */ = {isa = PBXBuildFile; fileRef = 377D779725DB26E7008D0059 /* PurchaseTableViewCell.swift */; };
		377D779C25DB275F008D0059 /* PurchasesViewController.swift in Sources */ = {isa = PBXBuildFile; fileRef = 377D779B25DB275F008D0059 /* PurchasesViewController.swift */; };
		377D77A025DB2899008D0059 /* PurchaseDetailViewController.swift in Sources */ = {isa = PBXBuildFile; fileRef = 377D779F25DB2899008D0059 /* PurchaseDetailViewController.swift */; };
		377D77A825DB5A54008D0059 /* AccountViewController.swift in Sources */ = {isa = PBXBuildFile; fileRef = 377D77A725DB5A54008D0059 /* AccountViewController.swift */; };
		379C3BC925361B3B003D22C1 /* CustomizeViewController.swift in Sources */ = {isa = PBXBuildFile; fileRef = 379C3BC825361B3B003D22C1 /* CustomizeViewController.swift */; };
		379C3BCD253623F6003D22C1 /* IQKeyboardManagerSwift in Frameworks */ = {isa = PBXBuildFile; productRef = 379C3BCC253623F6003D22C1 /* IQKeyboardManagerSwift */; };
		379CFF49268FD0F5002175E6 /* Global.swift in Sources */ = {isa = PBXBuildFile; fileRef = 379CFF48268FD0F5002175E6 /* Global.swift */; };
		37B1988B25B7807C00E59CF6 /* TemplateCollectionViewCell.swift in Sources */ = {isa = PBXBuildFile; fileRef = 37B1988A25B7807C00E59CF6 /* TemplateCollectionViewCell.swift */; };
		37B1988F25B7836100E59CF6 /* Template.swift in Sources */ = {isa = PBXBuildFile; fileRef = 37B1988E25B7836100E59CF6 /* Template.swift */; };
		37B1989325B7C4A400E59CF6 /* CustomizerTableViewCell.swift in Sources */ = {isa = PBXBuildFile; fileRef = 37B1989225B7C4A400E59CF6 /* CustomizerTableViewCell.swift */; };
		37B5BCB6266BE5930017AAE5 /* CartItemTableViewCell.swift in Sources */ = {isa = PBXBuildFile; fileRef = 37B5BCB5266BE5930017AAE5 /* CartItemTableViewCell.swift */; };
		37B8063125C1177E0082F1B6 /* SignUpViewController.swift in Sources */ = {isa = PBXBuildFile; fileRef = 37B8063025C1177E0082F1B6 /* SignUpViewController.swift */; };
		37E270F6244E4338001F6421 /* AppDelegate.swift in Sources */ = {isa = PBXBuildFile; fileRef = 37E270F5244E4338001F6421 /* AppDelegate.swift */; };
		37E270F8244E4338001F6421 /* SceneDelegate.swift in Sources */ = {isa = PBXBuildFile; fileRef = 37E270F7244E4338001F6421 /* SceneDelegate.swift */; };
		37E270FD244E4338001F6421 /* Main.storyboard in Resources */ = {isa = PBXBuildFile; fileRef = 37E270FB244E4338001F6421 /* Main.storyboard */; };
		37E270FF244E4338001F6421 /* Assets.xcassets in Resources */ = {isa = PBXBuildFile; fileRef = 37E270FE244E4338001F6421 /* Assets.xcassets */; };
		37E27102244E4338001F6421 /* LaunchScreen.storyboard in Resources */ = {isa = PBXBuildFile; fileRef = 37E27100244E4338001F6421 /* LaunchScreen.storyboard */; };
		37FC57A324F5646D00610C60 /* HomeViewController.swift in Sources */ = {isa = PBXBuildFile; fileRef = 37FC57A224F5646D00610C60 /* HomeViewController.swift */; };
		37FC57A524F5690A00610C60 /* TabBarController.swift in Sources */ = {isa = PBXBuildFile; fileRef = 37FC57A424F5690A00610C60 /* TabBarController.swift */; };
		37FC57B124F5960C00610C60 /* ShopViewController.swift in Sources */ = {isa = PBXBuildFile; fileRef = 37FC57B024F5960C00610C60 /* ShopViewController.swift */; };
		37FC57B324F59F0F00610C60 /* ProductCollectionViewCell.swift in Sources */ = {isa = PBXBuildFile; fileRef = 37FC57B224F59F0F00610C60 /* ProductCollectionViewCell.swift */; };
		37FC57B524F5A07900610C60 /* Product.swift in Sources */ = {isa = PBXBuildFile; fileRef = 37FC57B424F5A07900610C60 /* Product.swift */; };
		37FC57BB24F5F94D00610C60 /* Review.swift in Sources */ = {isa = PBXBuildFile; fileRef = 37FC57BA24F5F94D00610C60 /* Review.swift */; };
		37FC57BD24F5FB3600610C60 /* ReviewCollectionViewCell.swift in Sources */ = {isa = PBXBuildFile; fileRef = 37FC57BC24F5FB3600610C60 /* ReviewCollectionViewCell.swift */; };
		37FC57BF24F5FC4800610C60 /* ReviewController.swift in Sources */ = {isa = PBXBuildFile; fileRef = 37FC57BE24F5FC4800610C60 /* ReviewController.swift */; };
		37FC57C324F60F5100610C60 /* ProductController.swift in Sources */ = {isa = PBXBuildFile; fileRef = 37FC57C224F60F5100610C60 /* ProductController.swift */; };
		EA6C026F322F389E279BB791 /* Pods_PCG.framework in Frameworks */ = {isa = PBXBuildFile; fileRef = 7017DDAC3BD9B7502B797F87 /* Pods_PCG.framework */; };
/* End PBXBuildFile section */

/* Begin PBXFileReference section */
		09222475417F5C663C7BE357 /* Pods-PCG.release.xcconfig */ = {isa = PBXFileReference; includeInIndex = 1; lastKnownFileType = text.xcconfig; name = "Pods-PCG.release.xcconfig"; path = "Target Support Files/Pods-PCG/Pods-PCG.release.xcconfig"; sourceTree = "<group>"; };
		1706EF97111992D2D42C85F1 /* Pods-PCG.debug.xcconfig */ = {isa = PBXFileReference; includeInIndex = 1; lastKnownFileType = text.xcconfig; name = "Pods-PCG.debug.xcconfig"; path = "Target Support Files/Pods-PCG/Pods-PCG.debug.xcconfig"; sourceTree = "<group>"; };
		370AE5F924F96988000B3683 /* UIView+Extension.swift */ = {isa = PBXFileReference; lastKnownFileType = sourcecode.swift; path = "UIView+Extension.swift"; sourceTree = "<group>"; };
		370B79BC268291A50088242D /* Products.json */ = {isa = PBXFileReference; lastKnownFileType = text.json; path = Products.json; sourceTree = "<group>"; };
		37125D732489A20A00E716CA /* WebKit.framework */ = {isa = PBXFileReference; lastKnownFileType = wrapper.framework; name = WebKit.framework; path = System/Library/Frameworks/WebKit.framework; sourceTree = SDKROOT; };
		37204A3B268A9A8E001B34F6 /* TextFieldView.xib */ = {isa = PBXFileReference; lastKnownFileType = file.xib; path = TextFieldView.xib; sourceTree = "<group>"; };
		37204A3F268A9AAA001B34F6 /* DateView.xib */ = {isa = PBXFileReference; lastKnownFileType = file.xib; path = DateView.xib; sourceTree = "<group>"; };
		37204A41268A9AB5001B34F6 /* StateView.xib */ = {isa = PBXFileReference; lastKnownFileType = file.xib; path = StateView.xib; sourceTree = "<group>"; };
		37204A47268A9B30001B34F6 /* TextFieldView.swift */ = {isa = PBXFileReference; lastKnownFileType = sourcecode.swift; path = TextFieldView.swift; sourceTree = "<group>"; };
		37204A4B268A9B50001B34F6 /* DateView.swift */ = {isa = PBXFileReference; lastKnownFileType = sourcecode.swift; path = DateView.swift; sourceTree = "<group>"; };
		37204A4D268A9B58001B34F6 /* StateView.swift */ = {isa = PBXFileReference; lastKnownFileType = sourcecode.swift; path = StateView.swift; sourceTree = "<group>"; };
		37204A50268ACEEA001B34F6 /* States.json */ = {isa = PBXFileReference; fileEncoding = 4; lastKnownFileType = text.json; path = States.json; sourceTree = "<group>"; };
		374E50A425E48D37004320B5 /* GoogleService-Info.plist */ = {isa = PBXFileReference; fileEncoding = 4; lastKnownFileType = text.plist.xml; path = "GoogleService-Info.plist"; sourceTree = "<group>"; };
		374E50B625E48F1B004320B5 /* PurchaseController.swift */ = {isa = PBXFileReference; lastKnownFileType = sourcecode.swift; path = PurchaseController.swift; sourceTree = "<group>"; };
		375390CB266DD8BE0016791C /* Needs.json */ = {isa = PBXFileReference; fileEncoding = 4; lastKnownFileType = text.json; path = Needs.json; sourceTree = "<group>"; };
		375390CE266DD8C50016791C /* Reviews.json */ = {isa = PBXFileReference; lastKnownFileType = text.json; path = Reviews.json; sourceTree = "<group>"; };
		3755178E24F9B8AE002643F7 /* ProductDetailViewController.swift */ = {isa = PBXFileReference; lastKnownFileType = sourcecode.swift; path = ProductDetailViewController.swift; sourceTree = "<group>"; };
		375B61192669ADF4008F6639 /* CartViewController.swift */ = {isa = PBXFileReference; lastKnownFileType = sourcecode.swift; path = CartViewController.swift; sourceTree = "<group>"; };
		376412D62516B7F000730747 /* PCG.entitlements */ = {isa = PBXFileReference; lastKnownFileType = text.plist.entitlements; path = PCG.entitlements; sourceTree = "<group>"; };
		376412EC2519588800730747 /* BebasNeue-Regular.ttf */ = {isa = PBXFileReference; lastKnownFileType = file; path = "BebasNeue-Regular.ttf"; sourceTree = "<group>"; };
		376B9A2D25BF40FC003E1EFC /* UIButton+Extension.swift */ = {isa = PBXFileReference; lastKnownFileType = sourcecode.swift; path = "UIButton+Extension.swift"; sourceTree = "<group>"; };
		376B9A3025C09965003E1EFC /* MembershipViewController.swift */ = {isa = PBXFileReference; lastKnownFileType = sourcecode.swift; path = MembershipViewController.swift; sourceTree = "<group>"; };
		377D772C25D6FB09008D0059 /* ProductDetailCollectionViewCell.swift */ = {isa = PBXFileReference; lastKnownFileType = sourcecode.swift; path = ProductDetailCollectionViewCell.swift; sourceTree = "<group>"; };
		377D779725DB26E7008D0059 /* PurchaseTableViewCell.swift */ = {isa = PBXFileReference; lastKnownFileType = sourcecode.swift; path = PurchaseTableViewCell.swift; sourceTree = "<group>"; };
		377D779B25DB275F008D0059 /* PurchasesViewController.swift */ = {isa = PBXFileReference; lastKnownFileType = sourcecode.swift; path = PurchasesViewController.swift; sourceTree = "<group>"; };
		377D779F25DB2899008D0059 /* PurchaseDetailViewController.swift */ = {isa = PBXFileReference; lastKnownFileType = sourcecode.swift; path = PurchaseDetailViewController.swift; sourceTree = "<group>"; };
		377D77A725DB5A54008D0059 /* AccountViewController.swift */ = {isa = PBXFileReference; lastKnownFileType = sourcecode.swift; path = AccountViewController.swift; sourceTree = "<group>"; };
		379C3BC825361B3B003D22C1 /* CustomizeViewController.swift */ = {isa = PBXFileReference; lastKnownFileType = sourcecode.swift; path = CustomizeViewController.swift; sourceTree = "<group>"; };
		379CFF48268FD0F5002175E6 /* Global.swift */ = {isa = PBXFileReference; lastKnownFileType = sourcecode.swift; path = Global.swift; sourceTree = "<group>"; };
		37B1988A25B7807C00E59CF6 /* TemplateCollectionViewCell.swift */ = {isa = PBXFileReference; lastKnownFileType = sourcecode.swift; path = TemplateCollectionViewCell.swift; sourceTree = "<group>"; };
		37B1988E25B7836100E59CF6 /* Template.swift */ = {isa = PBXFileReference; lastKnownFileType = sourcecode.swift; path = Template.swift; sourceTree = "<group>"; };
		37B1989225B7C4A400E59CF6 /* CustomizerTableViewCell.swift */ = {isa = PBXFileReference; lastKnownFileType = sourcecode.swift; path = CustomizerTableViewCell.swift; sourceTree = "<group>"; };
		37B5BCB5266BE5930017AAE5 /* CartItemTableViewCell.swift */ = {isa = PBXFileReference; lastKnownFileType = sourcecode.swift; path = CartItemTableViewCell.swift; sourceTree = "<group>"; };
		37B8063025C1177E0082F1B6 /* SignUpViewController.swift */ = {isa = PBXFileReference; lastKnownFileType = sourcecode.swift; path = SignUpViewController.swift; sourceTree = "<group>"; };
		37E270F2244E4338001F6421 /* PCG.app */ = {isa = PBXFileReference; explicitFileType = wrapper.application; includeInIndex = 0; path = PCG.app; sourceTree = BUILT_PRODUCTS_DIR; };
		37E270F5244E4338001F6421 /* AppDelegate.swift */ = {isa = PBXFileReference; lastKnownFileType = sourcecode.swift; path = AppDelegate.swift; sourceTree = "<group>"; };
		37E270F7244E4338001F6421 /* SceneDelegate.swift */ = {isa = PBXFileReference; lastKnownFileType = sourcecode.swift; path = SceneDelegate.swift; sourceTree = "<group>"; };
		37E270FC244E4338001F6421 /* Base */ = {isa = PBXFileReference; lastKnownFileType = file.storyboard; name = Base; path = Base.lproj/Main.storyboard; sourceTree = "<group>"; };
		37E270FE244E4338001F6421 /* Assets.xcassets */ = {isa = PBXFileReference; lastKnownFileType = folder.assetcatalog; path = Assets.xcassets; sourceTree = "<group>"; };
		37E27101244E4338001F6421 /* Base */ = {isa = PBXFileReference; lastKnownFileType = file.storyboard; name = Base; path = Base.lproj/LaunchScreen.storyboard; sourceTree = "<group>"; };
		37E27103244E4338001F6421 /* Info.plist */ = {isa = PBXFileReference; lastKnownFileType = text.plist.xml; path = Info.plist; sourceTree = "<group>"; };
		37FC57A224F5646D00610C60 /* HomeViewController.swift */ = {isa = PBXFileReference; lastKnownFileType = sourcecode.swift; path = HomeViewController.swift; sourceTree = "<group>"; };
		37FC57A424F5690A00610C60 /* TabBarController.swift */ = {isa = PBXFileReference; lastKnownFileType = sourcecode.swift; path = TabBarController.swift; sourceTree = "<group>"; };
		37FC57B024F5960C00610C60 /* ShopViewController.swift */ = {isa = PBXFileReference; lastKnownFileType = sourcecode.swift; path = ShopViewController.swift; sourceTree = "<group>"; };
		37FC57B224F59F0F00610C60 /* ProductCollectionViewCell.swift */ = {isa = PBXFileReference; lastKnownFileType = sourcecode.swift; path = ProductCollectionViewCell.swift; sourceTree = "<group>"; };
		37FC57B424F5A07900610C60 /* Product.swift */ = {isa = PBXFileReference; lastKnownFileType = sourcecode.swift; path = Product.swift; sourceTree = "<group>"; };
		37FC57BA24F5F94D00610C60 /* Review.swift */ = {isa = PBXFileReference; lastKnownFileType = sourcecode.swift; path = Review.swift; sourceTree = "<group>"; };
		37FC57BC24F5FB3600610C60 /* ReviewCollectionViewCell.swift */ = {isa = PBXFileReference; lastKnownFileType = sourcecode.swift; path = ReviewCollectionViewCell.swift; sourceTree = "<group>"; };
		37FC57BE24F5FC4800610C60 /* ReviewController.swift */ = {isa = PBXFileReference; lastKnownFileType = sourcecode.swift; path = ReviewController.swift; sourceTree = "<group>"; };
		37FC57C224F60F5100610C60 /* ProductController.swift */ = {isa = PBXFileReference; lastKnownFileType = sourcecode.swift; path = ProductController.swift; sourceTree = "<group>"; };
		7017DDAC3BD9B7502B797F87 /* Pods_PCG.framework */ = {isa = PBXFileReference; explicitFileType = wrapper.framework; includeInIndex = 0; path = Pods_PCG.framework; sourceTree = BUILT_PRODUCTS_DIR; };
/* End PBXFileReference section */

/* Begin PBXFrameworksBuildPhase section */
		37E270EF244E4338001F6421 /* Frameworks */ = {
			isa = PBXFrameworksBuildPhase;
			buildActionMask = 2147483647;
			files = (
				37125D742489A20B00E716CA /* WebKit.framework in Frameworks */,
				379C3BCD253623F6003D22C1 /* IQKeyboardManagerSwift in Frameworks */,
				EA6C026F322F389E279BB791 /* Pods_PCG.framework in Frameworks */,
			);
			runOnlyForDeploymentPostprocessing = 0;
		};
/* End PBXFrameworksBuildPhase section */

/* Begin PBXGroup section */
		370AE5F824F9696F000B3683 /* Helpers */ = {
			isa = PBXGroup;
			children = (
				370AE5F924F96988000B3683 /* UIView+Extension.swift */,
				376B9A2D25BF40FC003E1EFC /* UIButton+Extension.swift */,
			);
			name = Helpers;
			sourceTree = "<group>";
		};
		37125D722489A20A00E716CA /* Frameworks */ = {
			isa = PBXGroup;
			children = (
				37125D732489A20A00E716CA /* WebKit.framework */,
				7017DDAC3BD9B7502B797F87 /* Pods_PCG.framework */,
			);
			name = Frameworks;
			sourceTree = "<group>";
		};
		37204A39268A9926001B34F6 /* Cells */ = {
			isa = PBXGroup;
			children = (
				37FC57B224F59F0F00610C60 /* ProductCollectionViewCell.swift */,
				37FC57BC24F5FB3600610C60 /* ReviewCollectionViewCell.swift */,
				37B1988A25B7807C00E59CF6 /* TemplateCollectionViewCell.swift */,
				37B1989225B7C4A400E59CF6 /* CustomizerTableViewCell.swift */,
				377D772C25D6FB09008D0059 /* ProductDetailCollectionViewCell.swift */,
				377D779725DB26E7008D0059 /* PurchaseTableViewCell.swift */,
				37B5BCB5266BE5930017AAE5 /* CartItemTableViewCell.swift */,
			);
			name = Cells;
			sourceTree = "<group>";
		};
		37204A3A268A993B001B34F6 /* Views */ = {
			isa = PBXGroup;
			children = (
				37204A46268A9B13001B34F6 /* State */,
				37204A45268A9B0F001B34F6 /* Date */,
				37204A43268A9AFF001B34F6 /* TextField */,
			);
			name = Views;
			sourceTree = "<group>";
		};
		37204A43268A9AFF001B34F6 /* TextField */ = {
			isa = PBXGroup;
			children = (
				37204A3B268A9A8E001B34F6 /* TextFieldView.xib */,
				37204A47268A9B30001B34F6 /* TextFieldView.swift */,
			);
			name = TextField;
			sourceTree = "<group>";
		};
		37204A45268A9B0F001B34F6 /* Date */ = {
			isa = PBXGroup;
			children = (
				37204A3F268A9AAA001B34F6 /* DateView.xib */,
				37204A4B268A9B50001B34F6 /* DateView.swift */,
			);
			name = Date;
			sourceTree = "<group>";
		};
		37204A46268A9B13001B34F6 /* State */ = {
			isa = PBXGroup;
			children = (
				37204A41268A9AB5001B34F6 /* StateView.xib */,
				37204A4D268A9B58001B34F6 /* StateView.swift */,
			);
			name = State;
			sourceTree = "<group>";
		};
		37204A4F268A9D4A001B34F6 /* JSON */ = {
			isa = PBXGroup;
			children = (
				375390CB266DD8BE0016791C /* Needs.json */,
				37204A50268ACEEA001B34F6 /* States.json */,
				370B79BC268291A50088242D /* Products.json */,
				375390CE266DD8C50016791C /* Reviews.json */,
			);
			name = JSON;
			sourceTree = "<group>";
		};
		376412632516769700730747 /* Shop */ = {
			isa = PBXGroup;
			children = (
			);
			name = Shop;
			sourceTree = "<group>";
		};
		377D779A25DB2743008D0059 /* Purchases */ = {
			isa = PBXGroup;
			children = (
				377D779B25DB275F008D0059 /* PurchasesViewController.swift */,
				377D779F25DB2899008D0059 /* PurchaseDetailViewController.swift */,
			);
			name = Purchases;
			sourceTree = "<group>";
		};
		37B8062D25C117430082F1B6 /* Base */ = {
			isa = PBXGroup;
			children = (
				37FC57A224F5646D00610C60 /* HomeViewController.swift */,
				37FC57A424F5690A00610C60 /* TabBarController.swift */,
			);
			name = Base;
			sourceTree = "<group>";
		};
		37B8062E25C117460082F1B6 /* Membership */ = {
			isa = PBXGroup;
			children = (
				377D77A725DB5A54008D0059 /* AccountViewController.swift */,
				376B9A3025C09965003E1EFC /* MembershipViewController.swift */,
				37B8063025C1177E0082F1B6 /* SignUpViewController.swift */,
			);
			name = Membership;
			sourceTree = "<group>";
		};
		37B8062F25C1174A0082F1B6 /* Shop */ = {
			isa = PBXGroup;
			children = (
				37FC57B024F5960C00610C60 /* ShopViewController.swift */,
				3755178E24F9B8AE002643F7 /* ProductDetailViewController.swift */,
				379C3BC825361B3B003D22C1 /* CustomizeViewController.swift */,
				375B61192669ADF4008F6639 /* CartViewController.swift */,
			);
			name = Shop;
			sourceTree = "<group>";
		};
		37E270E9244E4338001F6421 = {
			isa = PBXGroup;
			children = (
				37E270F4244E4338001F6421 /* PCG */,
				37E270F3244E4338001F6421 /* Products */,
				37125D722489A20A00E716CA /* Frameworks */,
				E333A8DAF64FF86E80C5E4D8 /* Pods */,
			);
			sourceTree = "<group>";
		};
		37E270F3244E4338001F6421 /* Products */ = {
			isa = PBXGroup;
			children = (
				37E270F2244E4338001F6421 /* PCG.app */,
			);
			name = Products;
			sourceTree = "<group>";
		};
		37E270F4244E4338001F6421 /* PCG */ = {
			isa = PBXGroup;
			children = (
				376412D62516B7F000730747 /* PCG.entitlements */,
				37204A4F268A9D4A001B34F6 /* JSON */,
				37E2710E244E435E001F6421 /* App Lifecycle */,
				376412632516769700730747 /* Shop */,
				37E27110244E438D001F6421 /* Networking */,
				37E2710D244E435C001F6421 /* Models */,
				37E2710F244E4376001F6421 /* Model Controllers */,
				37E2710C244E435A001F6421 /* Views */,
				37E2710B244E4358001F6421 /* View Controllers */,
				37E2710A244E4356001F6421 /* Storyboards */,
				37E27109244E4352001F6421 /* Resources */,
				370AE5F824F9696F000B3683 /* Helpers */,
			);
			path = PCG;
			sourceTree = "<group>";
		};
		37E27109244E4352001F6421 /* Resources */ = {
			isa = PBXGroup;
			children = (
				37E270FE244E4338001F6421 /* Assets.xcassets */,
				37E27103244E4338001F6421 /* Info.plist */,
				374E50A425E48D37004320B5 /* GoogleService-Info.plist */,
				376412EC2519588800730747 /* BebasNeue-Regular.ttf */,
			);
			name = Resources;
			sourceTree = "<group>";
		};
		37E2710A244E4356001F6421 /* Storyboards */ = {
			isa = PBXGroup;
			children = (
				37E270FB244E4338001F6421 /* Main.storyboard */,
				37E27100244E4338001F6421 /* LaunchScreen.storyboard */,
			);
			name = Storyboards;
			sourceTree = "<group>";
		};
		37E2710B244E4358001F6421 /* View Controllers */ = {
			isa = PBXGroup;
			children = (
				37B8062F25C1174A0082F1B6 /* Shop */,
				37B8062E25C117460082F1B6 /* Membership */,
				377D779A25DB2743008D0059 /* Purchases */,
				37B8062D25C117430082F1B6 /* Base */,
			);
			name = "View Controllers";
			sourceTree = "<group>";
		};
		37E2710C244E435A001F6421 /* Views */ = {
			isa = PBXGroup;
			children = (
				37204A3A268A993B001B34F6 /* Views */,
				37204A39268A9926001B34F6 /* Cells */,
			);
			name = Views;
			sourceTree = "<group>";
		};
		37E2710D244E435C001F6421 /* Models */ = {
			isa = PBXGroup;
			children = (
				37FC57B424F5A07900610C60 /* Product.swift */,
				37FC57BA24F5F94D00610C60 /* Review.swift */,
				37B1988E25B7836100E59CF6 /* Template.swift */,
			);
			name = Models;
			sourceTree = "<group>";
		};
		37E2710E244E435E001F6421 /* App Lifecycle */ = {
			isa = PBXGroup;
			children = (
				37E270F5244E4338001F6421 /* AppDelegate.swift */,
				37E270F7244E4338001F6421 /* SceneDelegate.swift */,
			);
			name = "App Lifecycle";
			sourceTree = "<group>";
		};
		37E2710F244E4376001F6421 /* Model Controllers */ = {
			isa = PBXGroup;
			children = (
				37FC57BE24F5FC4800610C60 /* ReviewController.swift */,
				37FC57C224F60F5100610C60 /* ProductController.swift */,
				374E50B625E48F1B004320B5 /* PurchaseController.swift */,
			);
			name = "Model Controllers";
			sourceTree = "<group>";
		};
		37E27110244E438D001F6421 /* Networking */ = {
			isa = PBXGroup;
			children = (
				379CFF48268FD0F5002175E6 /* Global.swift */,
			);
			name = Networking;
			sourceTree = "<group>";
		};
		E333A8DAF64FF86E80C5E4D8 /* Pods */ = {
			isa = PBXGroup;
			children = (
				1706EF97111992D2D42C85F1 /* Pods-PCG.debug.xcconfig */,
				09222475417F5C663C7BE357 /* Pods-PCG.release.xcconfig */,
			);
			path = Pods;
			sourceTree = "<group>";
		};
/* End PBXGroup section */

/* Begin PBXNativeTarget section */
		37E270F1244E4338001F6421 /* PCG */ = {
			isa = PBXNativeTarget;
			buildConfigurationList = 37E27106244E4338001F6421 /* Build configuration list for PBXNativeTarget "PCG" */;
			buildPhases = (
				9B7E88E8AE7F7842C11FD7E5 /* [CP] Check Pods Manifest.lock */,
				37E270EE244E4338001F6421 /* Sources */,
				37E270EF244E4338001F6421 /* Frameworks */,
				37E270F0244E4338001F6421 /* Resources */,
				706FF0AC07C73B28AE958460 /* [CP] Embed Pods Frameworks */,
			);
			buildRules = (
			);
			dependencies = (
			);
			name = PCG;
			packageProductDependencies = (
				379C3BCC253623F6003D22C1 /* IQKeyboardManagerSwift */,
			);
			productName = PCG;
			productReference = 37E270F2244E4338001F6421 /* PCG.app */;
			productType = "com.apple.product-type.application";
		};
/* End PBXNativeTarget section */

/* Begin PBXProject section */
		37E270EA244E4338001F6421 /* Project object */ = {
			isa = PBXProject;
			attributes = {
				LastSwiftUpdateCheck = 1140;
				LastUpgradeCheck = 1230;
				ORGANIZATIONNAME = "Bobby Keffury";
				TargetAttributes = {
					37E270F1244E4338001F6421 = {
						CreatedOnToolsVersion = 11.4.1;
					};
				};
			};
			buildConfigurationList = 37E270ED244E4338001F6421 /* Build configuration list for PBXProject "PCG" */;
			compatibilityVersion = "Xcode 9.3";
			developmentRegion = en;
			hasScannedForEncodings = 0;
			knownRegions = (
				en,
				Base,
			);
			mainGroup = 37E270E9244E4338001F6421;
			packageReferences = (
				379C3BCB253623F6003D22C1 /* XCRemoteSwiftPackageReference "IQKeyboardManager" */,
			);
			productRefGroup = 37E270F3244E4338001F6421 /* Products */;
			projectDirPath = "";
			projectRoot = "";
			targets = (
				37E270F1244E4338001F6421 /* PCG */,
			);
		};
/* End PBXProject section */

/* Begin PBXResourcesBuildPhase section */
		37E270F0244E4338001F6421 /* Resources */ = {
			isa = PBXResourcesBuildPhase;
			buildActionMask = 2147483647;
			files = (
				37204A3C268A9A8E001B34F6 /* TextFieldView.xib in Resources */,
				37204A40268A9AAA001B34F6 /* DateView.xib in Resources */,
				376412EE2519588800730747 /* BebasNeue-Regular.ttf in Resources */,
				37204A51268ACEEA001B34F6 /* States.json in Resources */,
				37E27102244E4338001F6421 /* LaunchScreen.storyboard in Resources */,
				374E50A525E48D37004320B5 /* GoogleService-Info.plist in Resources */,
				37E270FF244E4338001F6421 /* Assets.xcassets in Resources */,
				37204A42268A9AB5001B34F6 /* StateView.xib in Resources */,
				37E270FD244E4338001F6421 /* Main.storyboard in Resources */,
				375390CC266DD8BE0016791C /* Needs.json in Resources */,
				375390CF266DD9150016791C /* Reviews.json in Resources */,
				370B79BD268291A50088242D /* Products.json in Resources */,
			);
			runOnlyForDeploymentPostprocessing = 0;
		};
/* End PBXResourcesBuildPhase section */

/* Begin PBXShellScriptBuildPhase section */
		706FF0AC07C73B28AE958460 /* [CP] Embed Pods Frameworks */ = {
			isa = PBXShellScriptBuildPhase;
			buildActionMask = 2147483647;
			files = (
			);
			inputFileListPaths = (
				"${PODS_ROOT}/Target Support Files/Pods-PCG/Pods-PCG-frameworks-${CONFIGURATION}-input-files.xcfilelist",
			);
			name = "[CP] Embed Pods Frameworks";
			outputFileListPaths = (
				"${PODS_ROOT}/Target Support Files/Pods-PCG/Pods-PCG-frameworks-${CONFIGURATION}-output-files.xcfilelist",
			);
			runOnlyForDeploymentPostprocessing = 0;
			shellPath = /bin/sh;
			shellScript = "\"${PODS_ROOT}/Target Support Files/Pods-PCG/Pods-PCG-frameworks.sh\"\n";
			showEnvVarsInLog = 0;
		};
		9B7E88E8AE7F7842C11FD7E5 /* [CP] Check Pods Manifest.lock */ = {
			isa = PBXShellScriptBuildPhase;
			buildActionMask = 2147483647;
			files = (
			);
			inputFileListPaths = (
			);
			inputPaths = (
				"${PODS_PODFILE_DIR_PATH}/Podfile.lock",
				"${PODS_ROOT}/Manifest.lock",
			);
			name = "[CP] Check Pods Manifest.lock";
			outputFileListPaths = (
			);
			outputPaths = (
				"$(DERIVED_FILE_DIR)/Pods-PCG-checkManifestLockResult.txt",
			);
			runOnlyForDeploymentPostprocessing = 0;
			shellPath = /bin/sh;
			shellScript = "diff \"${PODS_PODFILE_DIR_PATH}/Podfile.lock\" \"${PODS_ROOT}/Manifest.lock\" > /dev/null\nif [ $? != 0 ] ; then\n    # print error to STDERR\n    echo \"error: The sandbox is not in sync with the Podfile.lock. Run 'pod install' or update your CocoaPods installation.\" >&2\n    exit 1\nfi\n# This output is used by Xcode 'outputs' to avoid re-running this script phase.\necho \"SUCCESS\" > \"${SCRIPT_OUTPUT_FILE_0}\"\n";
			showEnvVarsInLog = 0;
		};
/* End PBXShellScriptBuildPhase section */

/* Begin PBXSourcesBuildPhase section */
		37E270EE244E4338001F6421 /* Sources */ = {
			isa = PBXSourcesBuildPhase;
			buildActionMask = 2147483647;
			files = (
				37E270F6244E4338001F6421 /* AppDelegate.swift in Sources */,
				37FC57C324F60F5100610C60 /* ProductController.swift in Sources */,
				37FC57BD24F5FB3600610C60 /* ReviewCollectionViewCell.swift in Sources */,
				37B1988B25B7807C00E59CF6 /* TemplateCollectionViewCell.swift in Sources */,
				37204A48268A9B30001B34F6 /* TextFieldView.swift in Sources */,
				37204A4E268A9B58001B34F6 /* StateView.swift in Sources */,
				377D77A025DB2899008D0059 /* PurchaseDetailViewController.swift in Sources */,
				377D779825DB26E7008D0059 /* PurchaseTableViewCell.swift in Sources */,
				3755178F24F9B8AE002643F7 /* ProductDetailViewController.swift in Sources */,
				374E50B725E48F1B004320B5 /* PurchaseController.swift in Sources */,
				37B8063125C1177E0082F1B6 /* SignUpViewController.swift in Sources */,
				377D77A825DB5A54008D0059 /* AccountViewController.swift in Sources */,
				37FC57BB24F5F94D00610C60 /* Review.swift in Sources */,
				37FC57BF24F5FC4800610C60 /* ReviewController.swift in Sources */,
				377D779C25DB275F008D0059 /* PurchasesViewController.swift in Sources */,
				379C3BC925361B3B003D22C1 /* CustomizeViewController.swift in Sources */,
				37B5BCB6266BE5930017AAE5 /* CartItemTableViewCell.swift in Sources */,
				37FC57A524F5690A00610C60 /* TabBarController.swift in Sources */,
				377D772D25D6FB09008D0059 /* ProductDetailCollectionViewCell.swift in Sources */,
				375B611A2669ADF4008F6639 /* CartViewController.swift in Sources */,
				370AE5FA24F96988000B3683 /* UIView+Extension.swift in Sources */,
				37FC57B124F5960C00610C60 /* ShopViewController.swift in Sources */,
				37E270F8244E4338001F6421 /* SceneDelegate.swift in Sources */,
				37204A4C268A9B50001B34F6 /* DateView.swift in Sources */,
				379CFF49268FD0F5002175E6 /* Global.swift in Sources */,
				37FC57B324F59F0F00610C60 /* ProductCollectionViewCell.swift in Sources */,
				37FC57A324F5646D00610C60 /* HomeViewController.swift in Sources */,
				37B1989325B7C4A400E59CF6 /* CustomizerTableViewCell.swift in Sources */,
				37B1988F25B7836100E59CF6 /* Template.swift in Sources */,
				376B9A3125C09965003E1EFC /* MembershipViewController.swift in Sources */,
				37FC57B524F5A07900610C60 /* Product.swift in Sources */,
				376B9A2E25BF40FC003E1EFC /* UIButton+Extension.swift in Sources */,
			);
			runOnlyForDeploymentPostprocessing = 0;
		};
/* End PBXSourcesBuildPhase section */

/* Begin PBXVariantGroup section */
		37E270FB244E4338001F6421 /* Main.storyboard */ = {
			isa = PBXVariantGroup;
			children = (
				37E270FC244E4338001F6421 /* Base */,
			);
			name = Main.storyboard;
			sourceTree = "<group>";
		};
		37E27100244E4338001F6421 /* LaunchScreen.storyboard */ = {
			isa = PBXVariantGroup;
			children = (
				37E27101244E4338001F6421 /* Base */,
			);
			name = LaunchScreen.storyboard;
			sourceTree = "<group>";
		};
/* End PBXVariantGroup section */

/* Begin XCBuildConfiguration section */
		37E27104244E4338001F6421 /* Debug */ = {
			isa = XCBuildConfiguration;
			buildSettings = {
				ALWAYS_SEARCH_USER_PATHS = NO;
				CLANG_ANALYZER_NONNULL = YES;
				CLANG_ANALYZER_NUMBER_OBJECT_CONVERSION = YES_AGGRESSIVE;
				CLANG_CXX_LANGUAGE_STANDARD = "gnu++14";
				CLANG_CXX_LIBRARY = "libc++";
				CLANG_ENABLE_MODULES = YES;
				CLANG_ENABLE_OBJC_ARC = YES;
				CLANG_ENABLE_OBJC_WEAK = YES;
				CLANG_WARN_BLOCK_CAPTURE_AUTORELEASING = YES;
				CLANG_WARN_BOOL_CONVERSION = YES;
				CLANG_WARN_COMMA = YES;
				CLANG_WARN_CONSTANT_CONVERSION = YES;
				CLANG_WARN_DEPRECATED_OBJC_IMPLEMENTATIONS = YES;
				CLANG_WARN_DIRECT_OBJC_ISA_USAGE = YES_ERROR;
				CLANG_WARN_DOCUMENTATION_COMMENTS = YES;
				CLANG_WARN_EMPTY_BODY = YES;
				CLANG_WARN_ENUM_CONVERSION = YES;
				CLANG_WARN_INFINITE_RECURSION = YES;
				CLANG_WARN_INT_CONVERSION = YES;
				CLANG_WARN_NON_LITERAL_NULL_CONVERSION = YES;
				CLANG_WARN_OBJC_IMPLICIT_RETAIN_SELF = YES;
				CLANG_WARN_OBJC_LITERAL_CONVERSION = YES;
				CLANG_WARN_OBJC_ROOT_CLASS = YES_ERROR;
				CLANG_WARN_QUOTED_INCLUDE_IN_FRAMEWORK_HEADER = YES;
				CLANG_WARN_RANGE_LOOP_ANALYSIS = YES;
				CLANG_WARN_STRICT_PROTOTYPES = YES;
				CLANG_WARN_SUSPICIOUS_MOVE = YES;
				CLANG_WARN_UNGUARDED_AVAILABILITY = YES_AGGRESSIVE;
				CLANG_WARN_UNREACHABLE_CODE = YES;
				CLANG_WARN__DUPLICATE_METHOD_MATCH = YES;
				COPY_PHASE_STRIP = NO;
				DEBUG_INFORMATION_FORMAT = dwarf;
				ENABLE_STRICT_OBJC_MSGSEND = YES;
				ENABLE_TESTABILITY = YES;
				GCC_C_LANGUAGE_STANDARD = gnu11;
				GCC_DYNAMIC_NO_PIC = NO;
				GCC_NO_COMMON_BLOCKS = YES;
				GCC_OPTIMIZATION_LEVEL = 0;
				GCC_PREPROCESSOR_DEFINITIONS = (
					"DEBUG=1",
					"$(inherited)",
				);
				GCC_WARN_64_TO_32_BIT_CONVERSION = YES;
				GCC_WARN_ABOUT_RETURN_TYPE = YES_ERROR;
				GCC_WARN_UNDECLARED_SELECTOR = YES;
				GCC_WARN_UNINITIALIZED_AUTOS = YES_AGGRESSIVE;
				GCC_WARN_UNUSED_FUNCTION = YES;
				GCC_WARN_UNUSED_VARIABLE = YES;
				IPHONEOS_DEPLOYMENT_TARGET = 13.4;
				MTL_ENABLE_DEBUG_INFO = INCLUDE_SOURCE;
				MTL_FAST_MATH = YES;
				ONLY_ACTIVE_ARCH = YES;
				SDKROOT = iphoneos;
				SWIFT_ACTIVE_COMPILATION_CONDITIONS = DEBUG;
				SWIFT_OPTIMIZATION_LEVEL = "-Onone";
			};
			name = Debug;
		};
		37E27105244E4338001F6421 /* Release */ = {
			isa = XCBuildConfiguration;
			buildSettings = {
				ALWAYS_SEARCH_USER_PATHS = NO;
				CLANG_ANALYZER_NONNULL = YES;
				CLANG_ANALYZER_NUMBER_OBJECT_CONVERSION = YES_AGGRESSIVE;
				CLANG_CXX_LANGUAGE_STANDARD = "gnu++14";
				CLANG_CXX_LIBRARY = "libc++";
				CLANG_ENABLE_MODULES = YES;
				CLANG_ENABLE_OBJC_ARC = YES;
				CLANG_ENABLE_OBJC_WEAK = YES;
				CLANG_WARN_BLOCK_CAPTURE_AUTORELEASING = YES;
				CLANG_WARN_BOOL_CONVERSION = YES;
				CLANG_WARN_COMMA = YES;
				CLANG_WARN_CONSTANT_CONVERSION = YES;
				CLANG_WARN_DEPRECATED_OBJC_IMPLEMENTATIONS = YES;
				CLANG_WARN_DIRECT_OBJC_ISA_USAGE = YES_ERROR;
				CLANG_WARN_DOCUMENTATION_COMMENTS = YES;
				CLANG_WARN_EMPTY_BODY = YES;
				CLANG_WARN_ENUM_CONVERSION = YES;
				CLANG_WARN_INFINITE_RECURSION = YES;
				CLANG_WARN_INT_CONVERSION = YES;
				CLANG_WARN_NON_LITERAL_NULL_CONVERSION = YES;
				CLANG_WARN_OBJC_IMPLICIT_RETAIN_SELF = YES;
				CLANG_WARN_OBJC_LITERAL_CONVERSION = YES;
				CLANG_WARN_OBJC_ROOT_CLASS = YES_ERROR;
				CLANG_WARN_QUOTED_INCLUDE_IN_FRAMEWORK_HEADER = YES;
				CLANG_WARN_RANGE_LOOP_ANALYSIS = YES;
				CLANG_WARN_STRICT_PROTOTYPES = YES;
				CLANG_WARN_SUSPICIOUS_MOVE = YES;
				CLANG_WARN_UNGUARDED_AVAILABILITY = YES_AGGRESSIVE;
				CLANG_WARN_UNREACHABLE_CODE = YES;
				CLANG_WARN__DUPLICATE_METHOD_MATCH = YES;
				COPY_PHASE_STRIP = NO;
				DEBUG_INFORMATION_FORMAT = "dwarf-with-dsym";
				ENABLE_NS_ASSERTIONS = NO;
				ENABLE_STRICT_OBJC_MSGSEND = YES;
				GCC_C_LANGUAGE_STANDARD = gnu11;
				GCC_NO_COMMON_BLOCKS = YES;
				GCC_WARN_64_TO_32_BIT_CONVERSION = YES;
				GCC_WARN_ABOUT_RETURN_TYPE = YES_ERROR;
				GCC_WARN_UNDECLARED_SELECTOR = YES;
				GCC_WARN_UNINITIALIZED_AUTOS = YES_AGGRESSIVE;
				GCC_WARN_UNUSED_FUNCTION = YES;
				GCC_WARN_UNUSED_VARIABLE = YES;
				IPHONEOS_DEPLOYMENT_TARGET = 13.4;
				MTL_ENABLE_DEBUG_INFO = NO;
				MTL_FAST_MATH = YES;
				SDKROOT = iphoneos;
				SWIFT_COMPILATION_MODE = wholemodule;
				SWIFT_OPTIMIZATION_LEVEL = "-O";
				VALIDATE_PRODUCT = YES;
			};
			name = Release;
		};
		37E27107244E4338001F6421 /* Debug */ = {
			isa = XCBuildConfiguration;
			baseConfigurationReference = 1706EF97111992D2D42C85F1 /* Pods-PCG.debug.xcconfig */;
			buildSettings = {
				ASSETCATALOG_COMPILER_APPICON_NAME = AppIcon;
				CODE_SIGN_ENTITLEMENTS = PCG/PCG.entitlements;
				CODE_SIGN_STYLE = Automatic;
				DEVELOPMENT_TEAM = TFT6PV3RZ7;
				INFOPLIST_FILE = PCG/Info.plist;
				IPHONEOS_DEPLOYMENT_TARGET = 14.0;
				LD_RUNPATH_SEARCH_PATHS = (
					"$(inherited)",
					"@executable_path/Frameworks",
				);
				PRODUCT_BUNDLE_IDENTIFIER = com.BobbyKeffury.PCG;
				PRODUCT_NAME = "$(TARGET_NAME)";
				SWIFT_VERSION = 5.0;
				TARGETED_DEVICE_FAMILY = 1;
			};
			name = Debug;
		};
		37E27108244E4338001F6421 /* Release */ = {
			isa = XCBuildConfiguration;
			baseConfigurationReference = 09222475417F5C663C7BE357 /* Pods-PCG.release.xcconfig */;
			buildSettings = {
				ASSETCATALOG_COMPILER_APPICON_NAME = AppIcon;
				CODE_SIGN_ENTITLEMENTS = PCG/PCG.entitlements;
				CODE_SIGN_STYLE = Automatic;
				DEVELOPMENT_TEAM = TFT6PV3RZ7;
				INFOPLIST_FILE = PCG/Info.plist;
				IPHONEOS_DEPLOYMENT_TARGET = 14.0;
				LD_RUNPATH_SEARCH_PATHS = (
					"$(inherited)",
					"@executable_path/Frameworks",
				);
				PRODUCT_BUNDLE_IDENTIFIER = com.BobbyKeffury.PCG;
				PRODUCT_NAME = "$(TARGET_NAME)";
				SWIFT_VERSION = 5.0;
				TARGETED_DEVICE_FAMILY = 1;
			};
			name = Release;
		};
/* End XCBuildConfiguration section */

/* Begin XCConfigurationList section */
		37E270ED244E4338001F6421 /* Build configuration list for PBXProject "PCG" */ = {
			isa = XCConfigurationList;
			buildConfigurations = (
				37E27104244E4338001F6421 /* Debug */,
				37E27105244E4338001F6421 /* Release */,
			);
			defaultConfigurationIsVisible = 0;
			defaultConfigurationName = Release;
		};
		37E27106244E4338001F6421 /* Build configuration list for PBXNativeTarget "PCG" */ = {
			isa = XCConfigurationList;
			buildConfigurations = (
				37E27107244E4338001F6421 /* Debug */,
				37E27108244E4338001F6421 /* Release */,
			);
			defaultConfigurationIsVisible = 0;
			defaultConfigurationName = Release;
		};
/* End XCConfigurationList section */

/* Begin XCRemoteSwiftPackageReference section */
		379C3BCB253623F6003D22C1 /* XCRemoteSwiftPackageReference "IQKeyboardManager" */ = {
			isa = XCRemoteSwiftPackageReference;
			repositoryURL = "https://github.com/hackiftekhar/IQKeyboardManager.git";
			requirement = {
				kind = upToNextMajorVersion;
				minimumVersion = 6.5.6;
			};
		};
/* End XCRemoteSwiftPackageReference section */

/* Begin XCSwiftPackageProductDependency section */
		379C3BCC253623F6003D22C1 /* IQKeyboardManagerSwift */ = {
			isa = XCSwiftPackageProductDependency;
			package = 379C3BCB253623F6003D22C1 /* XCRemoteSwiftPackageReference "IQKeyboardManager" */;
			productName = IQKeyboardManagerSwift;
		};
/* End XCSwiftPackageProductDependency section */
	};
	rootObject = 37E270EA244E4338001F6421 /* Project object */;
}
