// !$*UTF8*$!
{
	archiveVersion = 1;
	classes = {
	};
	objectVersion = 50;
	objects = {

/* Begin PBXBuildFile section */
		37125D712489A0F100E716CA /* TestingViewController.swift in Sources */ = {isa = PBXBuildFile; fileRef = 37125D702489A0F100E716CA /* TestingViewController.swift */; };
		37125D742489A20B00E716CA /* WebKit.framework in Frameworks */ = {isa = PBXBuildFile; fileRef = 37125D732489A20A00E716CA /* WebKit.framework */; };
		3733452F24C6326A006FA6CA /* ProductsCollectionViewController.swift in Sources */ = {isa = PBXBuildFile; fileRef = 3733452E24C6326A006FA6CA /* ProductsCollectionViewController.swift */; };
		3733453124C633A6006FA6CA /* Product.swift in Sources */ = {isa = PBXBuildFile; fileRef = 3733453024C633A6006FA6CA /* Product.swift */; };
		3733453524C63624006FA6CA /* ProductCollectionViewCell.swift in Sources */ = {isa = PBXBuildFile; fileRef = 3733453424C63624006FA6CA /* ProductCollectionViewCell.swift */; };
		37E270F6244E4338001F6421 /* AppDelegate.swift in Sources */ = {isa = PBXBuildFile; fileRef = 37E270F5244E4338001F6421 /* AppDelegate.swift */; };
		37E270F8244E4338001F6421 /* SceneDelegate.swift in Sources */ = {isa = PBXBuildFile; fileRef = 37E270F7244E4338001F6421 /* SceneDelegate.swift */; };
		37E270FD244E4338001F6421 /* Main.storyboard in Resources */ = {isa = PBXBuildFile; fileRef = 37E270FB244E4338001F6421 /* Main.storyboard */; };
		37E270FF244E4338001F6421 /* Assets.xcassets in Resources */ = {isa = PBXBuildFile; fileRef = 37E270FE244E4338001F6421 /* Assets.xcassets */; };
		37E27102244E4338001F6421 /* LaunchScreen.storyboard in Resources */ = {isa = PBXBuildFile; fileRef = 37E27100244E4338001F6421 /* LaunchScreen.storyboard */; };
/* End PBXBuildFile section */

/* Begin PBXFileReference section */
		37125D702489A0F100E716CA /* TestingViewController.swift */ = {isa = PBXFileReference; lastKnownFileType = sourcecode.swift; path = TestingViewController.swift; sourceTree = "<group>"; };
		37125D732489A20A00E716CA /* WebKit.framework */ = {isa = PBXFileReference; lastKnownFileType = wrapper.framework; name = WebKit.framework; path = System/Library/Frameworks/WebKit.framework; sourceTree = SDKROOT; };
		3733452E24C6326A006FA6CA /* ProductsCollectionViewController.swift */ = {isa = PBXFileReference; lastKnownFileType = sourcecode.swift; path = ProductsCollectionViewController.swift; sourceTree = "<group>"; };
		3733453024C633A6006FA6CA /* Product.swift */ = {isa = PBXFileReference; lastKnownFileType = sourcecode.swift; path = Product.swift; sourceTree = "<group>"; };
		3733453424C63624006FA6CA /* ProductCollectionViewCell.swift */ = {isa = PBXFileReference; lastKnownFileType = sourcecode.swift; path = ProductCollectionViewCell.swift; sourceTree = "<group>"; };
		37E270F2244E4338001F6421 /* PCG.app */ = {isa = PBXFileReference; explicitFileType = wrapper.application; includeInIndex = 0; path = PCG.app; sourceTree = BUILT_PRODUCTS_DIR; };
		37E270F5244E4338001F6421 /* AppDelegate.swift */ = {isa = PBXFileReference; lastKnownFileType = sourcecode.swift; path = AppDelegate.swift; sourceTree = "<group>"; };
		37E270F7244E4338001F6421 /* SceneDelegate.swift */ = {isa = PBXFileReference; lastKnownFileType = sourcecode.swift; path = SceneDelegate.swift; sourceTree = "<group>"; };
		37E270FC244E4338001F6421 /* Base */ = {isa = PBXFileReference; lastKnownFileType = file.storyboard; name = Base; path = Base.lproj/Main.storyboard; sourceTree = "<group>"; };
		37E270FE244E4338001F6421 /* Assets.xcassets */ = {isa = PBXFileReference; lastKnownFileType = folder.assetcatalog; path = Assets.xcassets; sourceTree = "<group>"; };
		37E27101244E4338001F6421 /* Base */ = {isa = PBXFileReference; lastKnownFileType = file.storyboard; name = Base; path = Base.lproj/LaunchScreen.storyboard; sourceTree = "<group>"; };
		37E27103244E4338001F6421 /* Info.plist */ = {isa = PBXFileReference; lastKnownFileType = text.plist.xml; path = Info.plist; sourceTree = "<group>"; };
/* End PBXFileReference section */

/* Begin PBXFrameworksBuildPhase section */
		37E270EF244E4338001F6421 /* Frameworks */ = {
			isa = PBXFrameworksBuildPhase;
			buildActionMask = 2147483647;
			files = (
				37125D742489A20B00E716CA /* WebKit.framework in Frameworks */,
			);
			runOnlyForDeploymentPostprocessing = 0;
		};
/* End PBXFrameworksBuildPhase section */

/* Begin PBXGroup section */
		37125D722489A20A00E716CA /* Frameworks */ = {
			isa = PBXGroup;
			children = (
				37125D732489A20A00E716CA /* WebKit.framework */,
			);
			name = Frameworks;
			sourceTree = "<group>";
		};
		37E270E9244E4338001F6421 = {
			isa = PBXGroup;
			children = (
				37E270F4244E4338001F6421 /* PCG */,
				37E270F3244E4338001F6421 /* Products */,
				37125D722489A20A00E716CA /* Frameworks */,
			);
			sourceTree = "<group>";
		};
		37E270F3244E4338001F6421 /* Products */ = {
			isa = PBXGroup;
			children = (
				37E270F2244E4338001F6421 /* PCG.app */,
			);
			name = Products;
			sourceTree = "<group>";
		};
		37E270F4244E4338001F6421 /* PCG */ = {
			isa = PBXGroup;
			children = (
				37E2710E244E435E001F6421 /* App Lifecycle */,
				37E27110244E438D001F6421 /* Networking */,
				37E2710D244E435C001F6421 /* Models */,
				37E2710F244E4376001F6421 /* Model Controllers */,
				37E2710C244E435A001F6421 /* Views */,
				37E2710B244E4358001F6421 /* View Controllers */,
				37E2710A244E4356001F6421 /* Storyboards */,
				37E27109244E4352001F6421 /* Resources */,
			);
			path = PCG;
			sourceTree = "<group>";
		};
		37E27109244E4352001F6421 /* Resources */ = {
			isa = PBXGroup;
			children = (
				37E270FE244E4338001F6421 /* Assets.xcassets */,
				37E27103244E4338001F6421 /* Info.plist */,
			);
			name = Resources;
			sourceTree = "<group>";
		};
		37E2710A244E4356001F6421 /* Storyboards */ = {
			isa = PBXGroup;
			children = (
				37E270FB244E4338001F6421 /* Main.storyboard */,
				37E27100244E4338001F6421 /* LaunchScreen.storyboard */,
			);
			name = Storyboards;
			sourceTree = "<group>";
		};
		37E2710B244E4358001F6421 /* View Controllers */ = {
			isa = PBXGroup;
			children = (
				3733452E24C6326A006FA6CA /* ProductsCollectionViewController.swift */,
				37125D702489A0F100E716CA /* TestingViewController.swift */,
			);
			name = "View Controllers";
			sourceTree = "<group>";
		};
		37E2710C244E435A001F6421 /* Views */ = {
			isa = PBXGroup;
			children = (
				3733453424C63624006FA6CA /* ProductCollectionViewCell.swift */,
			);
			name = Views;
			sourceTree = "<group>";
		};
		37E2710D244E435C001F6421 /* Models */ = {
			isa = PBXGroup;
			children = (
				3733453024C633A6006FA6CA /* Product.swift */,
			);
			name = Models;
			sourceTree = "<group>";
		};
		37E2710E244E435E001F6421 /* App Lifecycle */ = {
			isa = PBXGroup;
			children = (
				37E270F5244E4338001F6421 /* AppDelegate.swift */,
				37E270F7244E4338001F6421 /* SceneDelegate.swift */,
			);
			name = "App Lifecycle";
			sourceTree = "<group>";
		};
		37E2710F244E4376001F6421 /* Model Controllers */ = {
			isa = PBXGroup;
			children = (
			);
			name = "Model Controllers";
			sourceTree = "<group>";
		};
		37E27110244E438D001F6421 /* Networking */ = {
			isa = PBXGroup;
			children = (
			);
			name = Networking;
			sourceTree = "<group>";
		};
/* End PBXGroup section */

/* Begin PBXNativeTarget section */
		37E270F1244E4338001F6421 /* PCG */ = {
			isa = PBXNativeTarget;
			buildConfigurationList = 37E27106244E4338001F6421 /* Build configuration list for PBXNativeTarget "PCG" */;
			buildPhases = (
				37E270EE244E4338001F6421 /* Sources */,
				37E270EF244E4338001F6421 /* Frameworks */,
				37E270F0244E4338001F6421 /* Resources */,
			);
			buildRules = (
			);
			dependencies = (
			);
			name = PCG;
			productName = PCG;
			productReference = 37E270F2244E4338001F6421 /* PCG.app */;
			productType = "com.apple.product-type.application";
		};
/* End PBXNativeTarget section */

/* Begin PBXProject section */
		37E270EA244E4338001F6421 /* Project object */ = {
			isa = PBXProject;
			attributes = {
				LastSwiftUpdateCheck = 1140;
				LastUpgradeCheck = 1140;
				ORGANIZATIONNAME = "Bobby Keffury";
				TargetAttributes = {
					37E270F1244E4338001F6421 = {
						CreatedOnToolsVersion = 11.4.1;
					};
				};
			};
			buildConfigurationList = 37E270ED244E4338001F6421 /* Build configuration list for PBXProject "PCG" */;
			compatibilityVersion = "Xcode 9.3";
			developmentRegion = en;
			hasScannedForEncodings = 0;
			knownRegions = (
				en,
				Base,
			);
			mainGroup = 37E270E9244E4338001F6421;
			productRefGroup = 37E270F3244E4338001F6421 /* Products */;
			projectDirPath = "";
			projectRoot = "";
			targets = (
				37E270F1244E4338001F6421 /* PCG */,
			);
		};
/* End PBXProject section */

/* Begin PBXResourcesBuildPhase section */
		37E270F0244E4338001F6421 /* Resources */ = {
			isa = PBXResourcesBuildPhase;
			buildActionMask = 2147483647;
			files = (
				37E27102244E4338001F6421 /* LaunchScreen.storyboard in Resources */,
				37E270FF244E4338001F6421 /* Assets.xcassets in Resources */,
				37E270FD244E4338001F6421 /* Main.storyboard in Resources */,
			);
			runOnlyForDeploymentPostprocessing = 0;
		};
/* End PBXResourcesBuildPhase section */

/* Begin PBXSourcesBuildPhase section */
		37E270EE244E4338001F6421 /* Sources */ = {
			isa = PBXSourcesBuildPhase;
			buildActionMask = 2147483647;
			files = (
				37E270F6244E4338001F6421 /* AppDelegate.swift in Sources */,
				3733452F24C6326A006FA6CA /* ProductsCollectionViewController.swift in Sources */,
				37E270F8244E4338001F6421 /* SceneDelegate.swift in Sources */,
				37125D712489A0F100E716CA /* TestingViewController.swift in Sources */,
				3733453524C63624006FA6CA /* ProductCollectionViewCell.swift in Sources */,
				3733453124C633A6006FA6CA /* Product.swift in Sources */,
			);
			runOnlyForDeploymentPostprocessing = 0;
		};
/* End PBXSourcesBuildPhase section */

/* Begin PBXVariantGroup section */
		37E270FB244E4338001F6421 /* Main.storyboard */ = {
			isa = PBXVariantGroup;
			children = (
				37E270FC244E4338001F6421 /* Base */,
			);
			name = Main.storyboard;
			sourceTree = "<group>";
		};
		37E27100244E4338001F6421 /* LaunchScreen.storyboard */ = {
			isa = PBXVariantGroup;
			children = (
				37E27101244E4338001F6421 /* Base */,
			);
			name = LaunchScreen.storyboard;
			sourceTree = "<group>";
		};
/* End PBXVariantGroup section */

/* Begin XCBuildConfiguration section */
		37E27104244E4338001F6421 /* Debug */ = {
			isa = XCBuildConfiguration;
			buildSettings = {
				ALWAYS_SEARCH_USER_PATHS = NO;
				CLANG_ANALYZER_NONNULL = YES;
				CLANG_ANALYZER_NUMBER_OBJECT_CONVERSION = YES_AGGRESSIVE;
				CLANG_CXX_LANGUAGE_STANDARD = "gnu++14";
				CLANG_CXX_LIBRARY = "libc++";
				CLANG_ENABLE_MODULES = YES;
				CLANG_ENABLE_OBJC_ARC = YES;
				CLANG_ENABLE_OBJC_WEAK = YES;
				CLANG_WARN_BLOCK_CAPTURE_AUTORELEASING = YES;
				CLANG_WARN_BOOL_CONVERSION = YES;
				CLANG_WARN_COMMA = YES;
				CLANG_WARN_CONSTANT_CONVERSION = YES;
				CLANG_WARN_DEPRECATED_OBJC_IMPLEMENTATIONS = YES;
				CLANG_WARN_DIRECT_OBJC_ISA_USAGE = YES_ERROR;
				CLANG_WARN_DOCUMENTATION_COMMENTS = YES;
				CLANG_WARN_EMPTY_BODY = YES;
				CLANG_WARN_ENUM_CONVERSION = YES;
				CLANG_WARN_INFINITE_RECURSION = YES;
				CLANG_WARN_INT_CONVERSION = YES;
				CLANG_WARN_NON_LITERAL_NULL_CONVERSION = YES;
				CLANG_WARN_OBJC_IMPLICIT_RETAIN_SELF = YES;
				CLANG_WARN_OBJC_LITERAL_CONVERSION = YES;
				CLANG_WARN_OBJC_ROOT_CLASS = YES_ERROR;
				CLANG_WARN_RANGE_LOOP_ANALYSIS = YES;
				CLANG_WARN_STRICT_PROTOTYPES = YES;
				CLANG_WARN_SUSPICIOUS_MOVE = YES;
				CLANG_WARN_UNGUARDED_AVAILABILITY = YES_AGGRESSIVE;
				CLANG_WARN_UNREACHABLE_CODE = YES;
				CLANG_WARN__DUPLICATE_METHOD_MATCH = YES;
				COPY_PHASE_STRIP = NO;
				DEBUG_INFORMATION_FORMAT = dwarf;
				ENABLE_STRICT_OBJC_MSGSEND = YES;
				ENABLE_TESTABILITY = YES;
				GCC_C_LANGUAGE_STANDARD = gnu11;
				GCC_DYNAMIC_NO_PIC = NO;
				GCC_NO_COMMON_BLOCKS = YES;
				GCC_OPTIMIZATION_LEVEL = 0;
				GCC_PREPROCESSOR_DEFINITIONS = (
					"DEBUG=1",
					"$(inherited)",
				);
				GCC_WARN_64_TO_32_BIT_CONVERSION = YES;
				GCC_WARN_ABOUT_RETURN_TYPE = YES_ERROR;
				GCC_WARN_UNDECLARED_SELECTOR = YES;
				GCC_WARN_UNINITIALIZED_AUTOS = YES_AGGRESSIVE;
				GCC_WARN_UNUSED_FUNCTION = YES;
				GCC_WARN_UNUSED_VARIABLE = YES;
				IPHONEOS_DEPLOYMENT_TARGET = 13.4;
				MTL_ENABLE_DEBUG_INFO = INCLUDE_SOURCE;
				MTL_FAST_MATH = YES;
				ONLY_ACTIVE_ARCH = YES;
				SDKROOT = iphoneos;
				SWIFT_ACTIVE_COMPILATION_CONDITIONS = DEBUG;
				SWIFT_OPTIMIZATION_LEVEL = "-Onone";
			};
			name = Debug;
		};
		37E27105244E4338001F6421 /* Release */ = {
			isa = XCBuildConfiguration;
			buildSettings = {
				ALWAYS_SEARCH_USER_PATHS = NO;
				CLANG_ANALYZER_NONNULL = YES;
				CLANG_ANALYZER_NUMBER_OBJECT_CONVERSION = YES_AGGRESSIVE;
				CLANG_CXX_LANGUAGE_STANDARD = "gnu++14";
				CLANG_CXX_LIBRARY = "libc++";
				CLANG_ENABLE_MODULES = YES;
				CLANG_ENABLE_OBJC_ARC = YES;
				CLANG_ENABLE_OBJC_WEAK = YES;
				CLANG_WARN_BLOCK_CAPTURE_AUTORELEASING = YES;
				CLANG_WARN_BOOL_CONVERSION = YES;
				CLANG_WARN_COMMA = YES;
				CLANG_WARN_CONSTANT_CONVERSION = YES;
				CLANG_WARN_DEPRECATED_OBJC_IMPLEMENTATIONS = YES;
				CLANG_WARN_DIRECT_OBJC_ISA_USAGE = YES_ERROR;
				CLANG_WARN_DOCUMENTATION_COMMENTS = YES;
				CLANG_WARN_EMPTY_BODY = YES;
				CLANG_WARN_ENUM_CONVERSION = YES;
				CLANG_WARN_INFINITE_RECURSION = YES;
				CLANG_WARN_INT_CONVERSION = YES;
				CLANG_WARN_NON_LITERAL_NULL_CONVERSION = YES;
				CLANG_WARN_OBJC_IMPLICIT_RETAIN_SELF = YES;
				CLANG_WARN_OBJC_LITERAL_CONVERSION = YES;
				CLANG_WARN_OBJC_ROOT_CLASS = YES_ERROR;
				CLANG_WARN_RANGE_LOOP_ANALYSIS = YES;
				CLANG_WARN_STRICT_PROTOTYPES = YES;
				CLANG_WARN_SUSPICIOUS_MOVE = YES;
				CLANG_WARN_UNGUARDED_AVAILABILITY = YES_AGGRESSIVE;
				CLANG_WARN_UNREACHABLE_CODE = YES;
				CLANG_WARN__DUPLICATE_METHOD_MATCH = YES;
				COPY_PHASE_STRIP = NO;
				DEBUG_INFORMATION_FORMAT = "dwarf-with-dsym";
				ENABLE_NS_ASSERTIONS = NO;
				ENABLE_STRICT_OBJC_MSGSEND = YES;
				GCC_C_LANGUAGE_STANDARD = gnu11;
				GCC_NO_COMMON_BLOCKS = YES;
				GCC_WARN_64_TO_32_BIT_CONVERSION = YES;
				GCC_WARN_ABOUT_RETURN_TYPE = YES_ERROR;
				GCC_WARN_UNDECLARED_SELECTOR = YES;
				GCC_WARN_UNINITIALIZED_AUTOS = YES_AGGRESSIVE;
				GCC_WARN_UNUSED_FUNCTION = YES;
				GCC_WARN_UNUSED_VARIABLE = YES;
				IPHONEOS_DEPLOYMENT_TARGET = 13.4;
				MTL_ENABLE_DEBUG_INFO = NO;
				MTL_FAST_MATH = YES;
				SDKROOT = iphoneos;
				SWIFT_COMPILATION_MODE = wholemodule;
				SWIFT_OPTIMIZATION_LEVEL = "-O";
				VALIDATE_PRODUCT = YES;
			};
			name = Release;
		};
		37E27107244E4338001F6421 /* Debug */ = {
			isa = XCBuildConfiguration;
			buildSettings = {
				ASSETCATALOG_COMPILER_APPICON_NAME = AppIcon;
				CODE_SIGN_STYLE = Automatic;
				DEVELOPMENT_TEAM = TFT6PV3RZ7;
				INFOPLIST_FILE = PCG/Info.plist;
				LD_RUNPATH_SEARCH_PATHS = (
					"$(inherited)",
					"@executable_path/Frameworks",
				);
				PRODUCT_BUNDLE_IDENTIFIER = com.BobbyKeffury.PCG;
				PRODUCT_NAME = "$(TARGET_NAME)";
				SWIFT_VERSION = 5.0;
				TARGETED_DEVICE_FAMILY = "1,2";
			};
			name = Debug;
		};
		37E27108244E4338001F6421 /* Release */ = {
			isa = XCBuildConfiguration;
			buildSettings = {
				ASSETCATALOG_COMPILER_APPICON_NAME = AppIcon;
				CODE_SIGN_STYLE = Automatic;
				DEVELOPMENT_TEAM = TFT6PV3RZ7;
				INFOPLIST_FILE = PCG/Info.plist;
				LD_RUNPATH_SEARCH_PATHS = (
					"$(inherited)",
					"@executable_path/Frameworks",
				);
				PRODUCT_BUNDLE_IDENTIFIER = com.BobbyKeffury.PCG;
				PRODUCT_NAME = "$(TARGET_NAME)";
				SWIFT_VERSION = 5.0;
				TARGETED_DEVICE_FAMILY = "1,2";
			};
			name = Release;
		};
/* End XCBuildConfiguration section */

/* Begin XCConfigurationList section */
		37E270ED244E4338001F6421 /* Build configuration list for PBXProject "PCG" */ = {
			isa = XCConfigurationList;
			buildConfigurations = (
				37E27104244E4338001F6421 /* Debug */,
				37E27105244E4338001F6421 /* Release */,
			);
			defaultConfigurationIsVisible = 0;
			defaultConfigurationName = Release;
		};
		37E27106244E4338001F6421 /* Build configuration list for PBXNativeTarget "PCG" */ = {
			isa = XCConfigurationList;
			buildConfigurations = (
				37E27107244E4338001F6421 /* Debug */,
				37E27108244E4338001F6421 /* Release */,
			);
			defaultConfigurationIsVisible = 0;
			defaultConfigurationName = Release;
		};
/* End XCConfigurationList section */
	};
	rootObject = 37E270EA244E4338001F6421 /* Project object */;
}
